{
    "version": 3,
    "terraform_version": "0.11.10",
    "serial": 14,
    "lineage": "b50ab52e-9e9d-87ba-bb2d-1dc1dd498232",
    "modules": [
        {
            "path": [
                "root"
            ],
            "outputs": {},
            "resources": {
                "aws_instance.example": {
                    "type": "aws_instance",
                    "depends_on": [],
                    "primary": {
                        "id": "i-0a1e07c1a31a11b73",
                        "attributes": {
                            "ami": "ami-6cd6f714",
                            "arn": "arn:aws:ec2:us-west-2:709874730918:instance/i-0a1e07c1a31a11b73",
                            "associate_public_ip_address": "true",
                            "availability_zone": "us-west-2b",
                            "cpu_core_count": "1",
                            "cpu_threads_per_core": "1",
                            "credit_specification.#": "1",
                            "credit_specification.0.cpu_credits": "standard",
                            "disable_api_termination": "false",
                            "ebs_block_device.#": "0",
                            "ebs_optimized": "false",
                            "ephemeral_block_device.#": "0",
                            "get_password_data": "false",
                            "iam_instance_profile": "",
                            "id": "i-0a1e07c1a31a11b73",
                            "instance_state": "running",
                            "instance_type": "t2.nano",
                            "ipv6_addresses.#": "0",
                            "key_name": "Reza-Oregon-Key",
                            "monitoring": "false",
                            "network_interface.#": "0",
                            "network_interface_id": "eni-065e8020d6a5929c6",
                            "password_data": "",
                            "placement_group": "",
                            "primary_network_interface_id": "eni-065e8020d6a5929c6",
                            "private_dns": "ip-172-31-23-81.us-west-2.compute.internal",
                            "private_ip": "172.31.23.81",
                            "public_dns": "ec2-54-214-73-115.us-west-2.compute.amazonaws.com",
                            "public_ip": "54.214.73.115",
                            "root_block_device.#": "1",
                            "root_block_device.0.delete_on_termination": "true",
                            "root_block_device.0.iops": "100",
                            "root_block_device.0.volume_id": "vol-052abbaeb1dcb9c18",
                            "root_block_device.0.volume_size": "8",
                            "root_block_device.0.volume_type": "gp2",
                            "security_groups.#": "1",
                            "security_groups.2551954017": "WebServer",
                            "source_dest_check": "true",
                            "subnet_id": "subnet-51172f37",
                            "tags.%": "1",
                            "tags.Name": "Terraform Test",
                            "tenancy": "default",
                            "volume_tags.%": "1",
                            "volume_tags.Name": "Terraform Test",
                            "vpc_security_group_ids.#": "1",
                            "vpc_security_group_ids.2595701993": "sg-0a9164668ad9cc0dd"
                        },
                        "meta": {
                            "e2bfb730-ecaa-11e6-8f88-34363bc7c4c0": {
                                "create": 600000000000,
                                "delete": 1200000000000,
                                "update": 600000000000
                            },
                            "schema_version": "1"
                        },
                        "tainted": true
                    },
                    "deposed": [],
                    "provider": "provider.aws"
                }
            },
            "depends_on": []
        }
    ]
}
